
Microsoft Visual Studio Solution File, Format Version 12.00
# Visual Studio Version 17
VisualStudioVersion = 17.14.36511.14
MinimumVisualStudioVersion = 10.0.40219.1
Project("{2150E333-8FDC-42A3-9474-1A3956D46DE8}") = "Task1", "Task1", "{02EA681E-C7D8-13C7-8484-4AC65E1B71E8}"
EndProject
Project("{FAE04EC0-301F-11D3-BF4B-00C04F79EFBC}") = "Tyuiu.ChirchenkoME.Sprint1.Task1.V7.Test", "Tyuiu.ChirchenkoME.Sprint1.Task1.V7.Test\Tyuiu.ChirchenkoME.Sprint1.Task1.V7.Test.csproj", "{62580AB3-80C9-4E54-A091-92E88B1F4B3D}"
EndProject
Project("{FAE04EC0-301F-11D3-BF4B-00C04F79EFBC}") = "Tyuiu.ChirchenkoME.Sprint1.Task1.V7.Lib", "Tyuiu.ChirchenkoME.Sprint1.Task1.V7.Lib\Tyuiu.ChirchenkoME.Sprint1.Task1.V7.Lib.csproj", "{FB776B31-FD50-4381-A332-927E682596DB}"
EndProject
Project("{FAE04EC0-301F-11D3-BF4B-00C04F79EFBC}") = "Tyuiu.ChirchenkoME.Sprint1.Task1.V7", "Tyuiu.ChirchenkoME.Sprint1.Task1.V7\Tyuiu.ChirchenkoME.Sprint1.Task1.V7.csproj", "{D581E96F-D2B0-41C9-A93C-18EE27162A65}"
EndProject
Project("{2150E333-8FDC-42A3-9474-1A3956D46DE8}") = "Task2", "Task2", "{B35941A5-A00D-4261-8F67-1BBADF96F36B}"
EndProject
Project("{FAE04EC0-301F-11D3-BF4B-00C04F79EFBC}") = "Tyuiu.ChirchenkoME.Sprint1.Task2.V7.Lib", "Tyuiu.ChirchenkoME.Sprint1.Task2.V7.Lib\Tyuiu.ChirchenkoME.Sprint1.Task2.V7.Lib.csproj", "{6BBB0A00-78B3-4D5E-A1CF-78AF32A35CBD}"
EndProject
Project("{FAE04EC0-301F-11D3-BF4B-00C04F79EFBC}") = "Tyuiu.ChirchenkoME.Sprint1.Task2.V7.Test", "Tyuiu.ChirchenkoME.Sprint1.Task2.V7.Test\Tyuiu.ChirchenkoME.Sprint1.Task2.V7.Test.csproj", "{252C98B4-EBE8-4B4E-B868-403E25AE0D04}"
EndProject
Project("{FAE04EC0-301F-11D3-BF4B-00C04F79EFBC}") = "Tyuiu.ChirchenkoME.Sprint1.Task2.V7", "Tyuiu.ChirchenkoME.Sprint1.Task2.V7\Tyuiu.ChirchenkoME.Sprint1.Task2.V7.csproj", "{0132E58E-4C45-403E-B0EB-240CB14E1083}"
EndProject
Project("{2150E333-8FDC-42A3-9474-1A3956D46DE8}") = "Task3", "Task3", "{623382B1-6DEA-4C11-936C-BC2ECE515521}"
EndProject
Project("{FAE04EC0-301F-11D3-BF4B-00C04F79EFBC}") = "Tyuiu.ChirchenkoME.Sprint1.Task3.V10", "Tyuiu.ChirchenkoME.Sprint1.Task3.V10\Tyuiu.ChirchenkoME.Sprint1.Task3.V10.csproj", "{FE9B7358-5C17-46D3-BD40-7C10C7CE6D0C}"
EndProject
Project("{FAE04EC0-301F-11D3-BF4B-00C04F79EFBC}") = "Tyuiu.ChirchenkoME.Sprint1.Task3.V10.Lib", "Tyuiu.ChirchenkoME.Sprint1.Task3.V10.Lib\Tyuiu.ChirchenkoME.Sprint1.Task3.V10.Lib.csproj", "{74B44841-21C8-472F-983B-C235218290E9}"
EndProject
Project("{FAE04EC0-301F-11D3-BF4B-00C04F79EFBC}") = "Tyuiu.ChirchenkoME.Sprint1.Task3.V10.Test", "Tyuiu.ChirchenkoME.Sprint1.Task3.V10.Test\Tyuiu.ChirchenkoME.Sprint1.Task3.V10.Test.csproj", "{7CD1A86B-692D-478F-841B-9E98AB60DFD8}"
EndProject
Project("{2150E333-8FDC-42A3-9474-1A3956D46DE8}") = "Task4", "Task4", "{6465FAF7-B7FA-4FEB-A860-C56791E8B343}"
EndProject
Project("{FAE04EC0-301F-11D3-BF4B-00C04F79EFBC}") = "Tyuiu.ChirchenkoME.Sprint1.Task4.V15", "Tyuiu.ChirchenkoME.Sprint1.Task4.V15\Tyuiu.ChirchenkoME.Sprint1.Task4.V15.csproj", "{1B769735-ED61-432E-917F-642CBA383F1D}"
EndProject
Project("{FAE04EC0-301F-11D3-BF4B-00C04F79EFBC}") = "Tyuiu.ChirchenkoME.Sprint1.Task4.V15.Lib", "Tyuiu.ChirchenkoME.Sprint1.Task4.V15.Lib\Tyuiu.ChirchenkoME.Sprint1.Task4.V15.Lib.csproj", "{566F2DEA-2EB6-42A3-8B93-DA06CFAF9AC3}"
EndProject
Project("{FAE04EC0-301F-11D3-BF4B-00C04F79EFBC}") = "Tyuiu.ChirchenkoME.Sprint1.Task4.V15.Test", "Tyuiu.ChirchenkoME.Sprint1.Task4.V15.Test\Tyuiu.ChirchenkoME.Sprint1.Task4.V15.Test.csproj", "{E06A943D-B6F1-48B3-B2B2-857C181D746C}"
EndProject
Project("{2150E333-8FDC-42A3-9474-1A3956D46DE8}") = "Task5", "Task5", "{ABBECC76-12C9-4210-90FB-42CB6C18E60E}"
EndProject
Project("{FAE04EC0-301F-11D3-BF4B-00C04F79EFBC}") = "Tyuiu.ChirchenkoME.Sprint1.Task5.V1", "Tyuiu.ChirchenkoME.Sprint1.Task5.V1\Tyuiu.ChirchenkoME.Sprint1.Task5.V1.csproj", "{ACFF5A93-6DBC-41F7-B239-3C5595A800BA}"
EndProject
Project("{FAE04EC0-301F-11D3-BF4B-00C04F79EFBC}") = "Tyuiu.ChirchenkoME.Sprint1.Task5.V1.Lib", "Tyuiu.ChirchenkoME.Sprint1.Task5.V1.Lib\Tyuiu.ChirchenkoME.Sprint1.Task5.V1.Lib.csproj", "{12C634A6-A3A5-4CB9-A218-5338773AC4E4}"
EndProject
Project("{FAE04EC0-301F-11D3-BF4B-00C04F79EFBC}") = "Tyuiu.ChirchenkoME.Sprint1.Task5.V1.Test", "Tyuiu.ChirchenkoME.Sprint1.Task5.V1.Test\Tyuiu.ChirchenkoME.Sprint1.Task5.V1.Test.csproj", "{6371D6ED-8F00-47FB-8830-786A8AF6EBA2}"
EndProject
Project("{2150E333-8FDC-42A3-9474-1A3956D46DE8}") = "Task6", "Task6", "{4F3447CD-1340-42B1-B5A1-3FD787887DB3}"
EndProject
Project("{FAE04EC0-301F-11D3-BF4B-00C04F79EFBC}") = "Tyuiu.ChirchenkoME.Sprint1.Task6.V17", "Tyuiu.ChirchenkoME.Sprint1.Task6.V17\Tyuiu.ChirchenkoME.Sprint1.Task6.V17.csproj", "{18BD8FB5-CBB2-4825-AB72-16FE4149B6A3}"
EndProject
Project("{FAE04EC0-301F-11D3-BF4B-00C04F79EFBC}") = "Tyuiu.ChirchenkoME.Sprint1.Task6.V17.Lib", "Tyuiu.ChirchenkoME.Sprint1.Task6.V17.Lib\Tyuiu.ChirchenkoME.Sprint1.Task6.V17.Lib.csproj", "{888B910E-B679-4DE1-B723-2690B7E3586B}"
EndProject
Project("{FAE04EC0-301F-11D3-BF4B-00C04F79EFBC}") = "Tyuiu.ChirchenkoME.Sprint1.Task6.V17.Test", "Tyuiu.ChirchenkoME.Sprint1.Task6.V17.Test\Tyuiu.ChirchenkoME.Sprint1.Task6.V17.Test.csproj", "{F4AF9FB6-36CE-4D82-BE83-427E449A2618}"
EndProject
Project("{2150E333-8FDC-42A3-9474-1A3956D46DE8}") = "Task7", "Task7", "{E478784F-646E-4C3E-B4E1-90E4D26A99A6}"
EndProject
Project("{FAE04EC0-301F-11D3-BF4B-00C04F79EFBC}") = "Tyuiu.ChirchenkoME.Sprint1.Task7.V12", "Tyuiu.ChirchenkoME.Sprint1.Task7.V12\Tyuiu.ChirchenkoME.Sprint1.Task7.V12.csproj", "{33A90E9B-275B-465D-9647-0E7986E7337F}"
EndProject
Project("{FAE04EC0-301F-11D3-BF4B-00C04F79EFBC}") = "Tyuiu.ChirchenkoME.Sprint1.Task7.V12.Lib", "Tyuiu.ChirchenkoME.Sprint1.Task7.V12.Lib\Tyuiu.ChirchenkoME.Sprint1.Task7.V12.Lib.csproj", "{A5E58135-4E72-4A8D-9CB9-4BD1EFCB44D7}"
EndProject
Project("{FAE04EC0-301F-11D3-BF4B-00C04F79EFBC}") = "Tyuiu.ChirchenkoME.Sprint1.Task7.V12.Test", "Tyuiu.ChirchenkoME.Sprint1.Task7.V12.Test\Tyuiu.ChirchenkoME.Sprint1.Task7.V12.Test.csproj", "{F489BFDA-AD6B-434E-A017-429FF1D4DF5D}"
EndProject
Global
	GlobalSection(SolutionConfigurationPlatforms) = preSolution
		Debug|Any CPU = Debug|Any CPU
		Release|Any CPU = Release|Any CPU
	EndGlobalSection
	GlobalSection(ProjectConfigurationPlatforms) = postSolution
		{62580AB3-80C9-4E54-A091-92E88B1F4B3D}.Debug|Any CPU.ActiveCfg = Debug|Any CPU
		{62580AB3-80C9-4E54-A091-92E88B1F4B3D}.Debug|Any CPU.Build.0 = Debug|Any CPU
		{62580AB3-80C9-4E54-A091-92E88B1F4B3D}.Release|Any CPU.ActiveCfg = Release|Any CPU
		{62580AB3-80C9-4E54-A091-92E88B1F4B3D}.Release|Any CPU.Build.0 = Release|Any CPU
		{FB776B31-FD50-4381-A332-927E682596DB}.Debug|Any CPU.ActiveCfg = Debug|Any CPU
		{FB776B31-FD50-4381-A332-927E682596DB}.Debug|Any CPU.Build.0 = Debug|Any CPU
		{FB776B31-FD50-4381-A332-927E682596DB}.Release|Any CPU.ActiveCfg = Release|Any CPU
		{FB776B31-FD50-4381-A332-927E682596DB}.Release|Any CPU.Build.0 = Release|Any CPU
		{D581E96F-D2B0-41C9-A93C-18EE27162A65}.Debug|Any CPU.ActiveCfg = Debug|Any CPU
		{D581E96F-D2B0-41C9-A93C-18EE27162A65}.Debug|Any CPU.Build.0 = Debug|Any CPU
		{D581E96F-D2B0-41C9-A93C-18EE27162A65}.Release|Any CPU.ActiveCfg = Release|Any CPU
		{D581E96F-D2B0-41C9-A93C-18EE27162A65}.Release|Any CPU.Build.0 = Release|Any CPU
		{6BBB0A00-78B3-4D5E-A1CF-78AF32A35CBD}.Debug|Any CPU.ActiveCfg = Debug|Any CPU
		{6BBB0A00-78B3-4D5E-A1CF-78AF32A35CBD}.Debug|Any CPU.Build.0 = Debug|Any CPU
		{6BBB0A00-78B3-4D5E-A1CF-78AF32A35CBD}.Release|Any CPU.ActiveCfg = Release|Any CPU
		{6BBB0A00-78B3-4D5E-A1CF-78AF32A35CBD}.Release|Any CPU.Build.0 = Release|Any CPU
		{252C98B4-EBE8-4B4E-B868-403E25AE0D04}.Debug|Any CPU.ActiveCfg = Debug|Any CPU
		{252C98B4-EBE8-4B4E-B868-403E25AE0D04}.Debug|Any CPU.Build.0 = Debug|Any CPU
		{252C98B4-EBE8-4B4E-B868-403E25AE0D04}.Release|Any CPU.ActiveCfg = Release|Any CPU
		{252C98B4-EBE8-4B4E-B868-403E25AE0D04}.Release|Any CPU.Build.0 = Release|Any CPU
		{0132E58E-4C45-403E-B0EB-240CB14E1083}.Debug|Any CPU.ActiveCfg = Debug|Any CPU
		{0132E58E-4C45-403E-B0EB-240CB14E1083}.Debug|Any CPU.Build.0 = Debug|Any CPU
		{0132E58E-4C45-403E-B0EB-240CB14E1083}.Release|Any CPU.ActiveCfg = Release|Any CPU
		{0132E58E-4C45-403E-B0EB-240CB14E1083}.Release|Any CPU.Build.0 = Release|Any CPU
		{FE9B7358-5C17-46D3-BD40-7C10C7CE6D0C}.Debug|Any CPU.ActiveCfg = Debug|Any CPU
		{FE9B7358-5C17-46D3-BD40-7C10C7CE6D0C}.Debug|Any CPU.Build.0 = Debug|Any CPU
		{FE9B7358-5C17-46D3-BD40-7C10C7CE6D0C}.Release|Any CPU.ActiveCfg = Release|Any CPU
		{FE9B7358-5C17-46D3-BD40-7C10C7CE6D0C}.Release|Any CPU.Build.0 = Release|Any CPU
		{74B44841-21C8-472F-983B-C235218290E9}.Debug|Any CPU.ActiveCfg = Debug|Any CPU
		{74B44841-21C8-472F-983B-C235218290E9}.Debug|Any CPU.Build.0 = Debug|Any CPU
		{74B44841-21C8-472F-983B-C235218290E9}.Release|Any CPU.ActiveCfg = Release|Any CPU
		{74B44841-21C8-472F-983B-C235218290E9}.Release|Any CPU.Build.0 = Release|Any CPU
		{7CD1A86B-692D-478F-841B-9E98AB60DFD8}.Debug|Any CPU.ActiveCfg = Debug|Any CPU
		{7CD1A86B-692D-478F-841B-9E98AB60DFD8}.Debug|Any CPU.Build.0 = Debug|Any CPU
		{7CD1A86B-692D-478F-841B-9E98AB60DFD8}.Release|Any CPU.ActiveCfg = Release|Any CPU
		{7CD1A86B-692D-478F-841B-9E98AB60DFD8}.Release|Any CPU.Build.0 = Release|Any CPU
		{1B769735-ED61-432E-917F-642CBA383F1D}.Debug|Any CPU.ActiveCfg = Debug|Any CPU
		{1B769735-ED61-432E-917F-642CBA383F1D}.Debug|Any CPU.Build.0 = Debug|Any CPU
		{1B769735-ED61-432E-917F-642CBA383F1D}.Release|Any CPU.ActiveCfg = Release|Any CPU
		{1B769735-ED61-432E-917F-642CBA383F1D}.Release|Any CPU.Build.0 = Release|Any CPU
		{566F2DEA-2EB6-42A3-8B93-DA06CFAF9AC3}.Debug|Any CPU.ActiveCfg = Debug|Any CPU
		{566F2DEA-2EB6-42A3-8B93-DA06CFAF9AC3}.Debug|Any CPU.Build.0 = Debug|Any CPU
		{566F2DEA-2EB6-42A3-8B93-DA06CFAF9AC3}.Release|Any CPU.ActiveCfg = Release|Any CPU
		{566F2DEA-2EB6-42A3-8B93-DA06CFAF9AC3}.Release|Any CPU.Build.0 = Release|Any CPU
		{E06A943D-B6F1-48B3-B2B2-857C181D746C}.Debug|Any CPU.ActiveCfg = Debug|Any CPU
		{E06A943D-B6F1-48B3-B2B2-857C181D746C}.Debug|Any CPU.Build.0 = Debug|Any CPU
		{E06A943D-B6F1-48B3-B2B2-857C181D746C}.Release|Any CPU.ActiveCfg = Release|Any CPU
		{E06A943D-B6F1-48B3-B2B2-857C181D746C}.Release|Any CPU.Build.0 = Release|Any CPU
		{ACFF5A93-6DBC-41F7-B239-3C5595A800BA}.Debug|Any CPU.ActiveCfg = Debug|Any CPU
		{ACFF5A93-6DBC-41F7-B239-3C5595A800BA}.Debug|Any CPU.Build.0 = Debug|Any CPU
		{ACFF5A93-6DBC-41F7-B239-3C5595A800BA}.Release|Any CPU.ActiveCfg = Release|Any CPU
		{ACFF5A93-6DBC-41F7-B239-3C5595A800BA}.Release|Any CPU.Build.0 = Release|Any CPU
		{12C634A6-A3A5-4CB9-A218-5338773AC4E4}.Debug|Any CPU.ActiveCfg = Debug|Any CPU
		{12C634A6-A3A5-4CB9-A218-5338773AC4E4}.Debug|Any CPU.Build.0 = Debug|Any CPU
		{12C634A6-A3A5-4CB9-A218-5338773AC4E4}.Release|Any CPU.ActiveCfg = Release|Any CPU
		{12C634A6-A3A5-4CB9-A218-5338773AC4E4}.Release|Any CPU.Build.0 = Release|Any CPU
		{6371D6ED-8F00-47FB-8830-786A8AF6EBA2}.Debug|Any CPU.ActiveCfg = Debug|Any CPU
		{6371D6ED-8F00-47FB-8830-786A8AF6EBA2}.Debug|Any CPU.Build.0 = Debug|Any CPU
		{6371D6ED-8F00-47FB-8830-786A8AF6EBA2}.Release|Any CPU.ActiveCfg = Release|Any CPU
		{6371D6ED-8F00-47FB-8830-786A8AF6EBA2}.Release|Any CPU.Build.0 = Release|Any CPU
		{18BD8FB5-CBB2-4825-AB72-16FE4149B6A3}.Debug|Any CPU.ActiveCfg = Debug|Any CPU
		{18BD8FB5-CBB2-4825-AB72-16FE4149B6A3}.Debug|Any CPU.Build.0 = Debug|Any CPU
		{18BD8FB5-CBB2-4825-AB72-16FE4149B6A3}.Release|Any CPU.ActiveCfg = Release|Any CPU
		{18BD8FB5-CBB2-4825-AB72-16FE4149B6A3}.Release|Any CPU.Build.0 = Release|Any CPU
		{888B910E-B679-4DE1-B723-2690B7E3586B}.Debug|Any CPU.ActiveCfg = Debug|Any CPU
		{888B910E-B679-4DE1-B723-2690B7E3586B}.Debug|Any CPU.Build.0 = Debug|Any CPU
		{888B910E-B679-4DE1-B723-2690B7E3586B}.Release|Any CPU.ActiveCfg = Release|Any CPU
		{888B910E-B679-4DE1-B723-2690B7E3586B}.Release|Any CPU.Build.0 = Release|Any CPU
		{F4AF9FB6-36CE-4D82-BE83-427E449A2618}.Debug|Any CPU.ActiveCfg = Debug|Any CPU
		{F4AF9FB6-36CE-4D82-BE83-427E449A2618}.Debug|Any CPU.Build.0 = Debug|Any CPU
		{F4AF9FB6-36CE-4D82-BE83-427E449A2618}.Release|Any CPU.ActiveCfg = Release|Any CPU
		{F4AF9FB6-36CE-4D82-BE83-427E449A2618}.Release|Any CPU.Build.0 = Release|Any CPU
		{33A90E9B-275B-465D-9647-0E7986E7337F}.Debug|Any CPU.ActiveCfg = Debug|Any CPU
		{33A90E9B-275B-465D-9647-0E7986E7337F}.Debug|Any CPU.Build.0 = Debug|Any CPU
		{33A90E9B-275B-465D-9647-0E7986E7337F}.Release|Any CPU.ActiveCfg = Release|Any CPU
		{33A90E9B-275B-465D-9647-0E7986E7337F}.Release|Any CPU.Build.0 = Release|Any CPU
		{A5E58135-4E72-4A8D-9CB9-4BD1EFCB44D7}.Debug|Any CPU.ActiveCfg = Debug|Any CPU
		{A5E58135-4E72-4A8D-9CB9-4BD1EFCB44D7}.Debug|Any CPU.Build.0 = Debug|Any CPU
		{A5E58135-4E72-4A8D-9CB9-4BD1EFCB44D7}.Release|Any CPU.ActiveCfg = Release|Any CPU
		{A5E58135-4E72-4A8D-9CB9-4BD1EFCB44D7}.Release|Any CPU.Build.0 = Release|Any CPU
		{F489BFDA-AD6B-434E-A017-429FF1D4DF5D}.Debug|Any CPU.ActiveCfg = Debug|Any CPU
		{F489BFDA-AD6B-434E-A017-429FF1D4DF5D}.Debug|Any CPU.Build.0 = Debug|Any CPU
		{F489BFDA-AD6B-434E-A017-429FF1D4DF5D}.Release|Any CPU.ActiveCfg = Release|Any CPU
		{F489BFDA-AD6B-434E-A017-429FF1D4DF5D}.Release|Any CPU.Build.0 = Release|Any CPU
	EndGlobalSection
	GlobalSection(SolutionProperties) = preSolution
		HideSolutionNode = FALSE
	EndGlobalSection
	GlobalSection(NestedProjects) = preSolution
		{62580AB3-80C9-4E54-A091-92E88B1F4B3D} = {02EA681E-C7D8-13C7-8484-4AC65E1B71E8}
		{FB776B31-FD50-4381-A332-927E682596DB} = {02EA681E-C7D8-13C7-8484-4AC65E1B71E8}
		{D581E96F-D2B0-41C9-A93C-18EE27162A65} = {02EA681E-C7D8-13C7-8484-4AC65E1B71E8}
		{6BBB0A00-78B3-4D5E-A1CF-78AF32A35CBD} = {B35941A5-A00D-4261-8F67-1BBADF96F36B}
		{252C98B4-EBE8-4B4E-B868-403E25AE0D04} = {B35941A5-A00D-4261-8F67-1BBADF96F36B}
		{0132E58E-4C45-403E-B0EB-240CB14E1083} = {B35941A5-A00D-4261-8F67-1BBADF96F36B}
		{FE9B7358-5C17-46D3-BD40-7C10C7CE6D0C} = {623382B1-6DEA-4C11-936C-BC2ECE515521}
		{74B44841-21C8-472F-983B-C235218290E9} = {623382B1-6DEA-4C11-936C-BC2ECE515521}
		{7CD1A86B-692D-478F-841B-9E98AB60DFD8} = {623382B1-6DEA-4C11-936C-BC2ECE515521}
		{1B769735-ED61-432E-917F-642CBA383F1D} = {6465FAF7-B7FA-4FEB-A860-C56791E8B343}
		{566F2DEA-2EB6-42A3-8B93-DA06CFAF9AC3} = {6465FAF7-B7FA-4FEB-A860-C56791E8B343}
		{E06A943D-B6F1-48B3-B2B2-857C181D746C} = {6465FAF7-B7FA-4FEB-A860-C56791E8B343}
		{ACFF5A93-6DBC-41F7-B239-3C5595A800BA} = {ABBECC76-12C9-4210-90FB-42CB6C18E60E}
		{12C634A6-A3A5-4CB9-A218-5338773AC4E4} = {ABBECC76-12C9-4210-90FB-42CB6C18E60E}
		{6371D6ED-8F00-47FB-8830-786A8AF6EBA2} = {ABBECC76-12C9-4210-90FB-42CB6C18E60E}
		{18BD8FB5-CBB2-4825-AB72-16FE4149B6A3} = {4F3447CD-1340-42B1-B5A1-3FD787887DB3}
		{888B910E-B679-4DE1-B723-2690B7E3586B} = {4F3447CD-1340-42B1-B5A1-3FD787887DB3}
		{F4AF9FB6-36CE-4D82-BE83-427E449A2618} = {4F3447CD-1340-42B1-B5A1-3FD787887DB3}
		{33A90E9B-275B-465D-9647-0E7986E7337F} = {E478784F-646E-4C3E-B4E1-90E4D26A99A6}
		{A5E58135-4E72-4A8D-9CB9-4BD1EFCB44D7} = {E478784F-646E-4C3E-B4E1-90E4D26A99A6}
		{F489BFDA-AD6B-434E-A017-429FF1D4DF5D} = {E478784F-646E-4C3E-B4E1-90E4D26A99A6}
	EndGlobalSection
	GlobalSection(ExtensibilityGlobals) = postSolution
		SolutionGuid = {5AA9E924-FF10-414C-8A05-89AC8B2BC063}
	EndGlobalSection
EndGlobal
